
Microsoft Visual Studio Solution File, Format Version 12.00
# Visual Studio Version 17
VisualStudioVersion = 17.5.33627.172
MinimumVisualStudioVersion = 10.0.40219.1
Project("{54A90642-561A-4BB1-A94E-469ADEE60C69}") = "WorldCities", "WorldCities\WorldCities.esproj", "{657390F1-645A-43BA-B732-892E8521E5B5}"
EndProject
Project("{9A19103F-16F7-4668-BE54-9A1E7A4F7556}") = "WorldCitiesAPI", "WorldCitiesAPI\WorldCitiesAPI.csproj", "{120C586F-8F2B-4959-A38B-6DA27ED50825}"
EndProject
Project("{9A19103F-16F7-4668-BE54-9A1E7A4F7556}") = "WorldCitiesAPI.Tests", "WorldCitiesAPI.Tests\WorldCitiesAPI.Tests.csproj", "{DD41DBF2-2637-4BAF-AE72-8E3C5E851C61}"
EndProject
Global
	GlobalSection(SolutionConfigurationPlatforms) = preSolution
		Debug|Any CPU = Debug|Any CPU
		Release|Any CPU = Release|Any CPU
	EndGlobalSection
	GlobalSection(ProjectConfigurationPlatforms) = postSolution
		{657390F1-645A-43BA-B732-892E8521E5B5}.Debug|Any CPU.ActiveCfg = Debug|Any CPU
		{657390F1-645A-43BA-B732-892E8521E5B5}.Debug|Any CPU.Build.0 = Debug|Any CPU
		{657390F1-645A-43BA-B732-892E8521E5B5}.Debug|Any CPU.Deploy.0 = Debug|Any CPU
		{657390F1-645A-43BA-B732-892E8521E5B5}.Release|Any CPU.ActiveCfg = Release|Any CPU
		{657390F1-645A-43BA-B732-892E8521E5B5}.Release|Any CPU.Build.0 = Release|Any CPU
		{657390F1-645A-43BA-B732-892E8521E5B5}.Release|Any CPU.Deploy.0 = Release|Any CPU
		{120C586F-8F2B-4959-A38B-6DA27ED50825}.Debug|Any CPU.ActiveCfg = Debug|Any CPU
		{120C586F-8F2B-4959-A38B-6DA27ED50825}.Debug|Any CPU.Build.0 = Debug|Any CPU
		{120C586F-8F2B-4959-A38B-6DA27ED50825}.Release|Any CPU.ActiveCfg = Release|Any CPU
		{120C586F-8F2B-4959-A38B-6DA27ED50825}.Release|Any CPU.Build.0 = Release|Any CPU
		{DD41DBF2-2637-4BAF-AE72-8E3C5E851C61}.Debug|Any CPU.ActiveCfg = Debug|Any CPU
		{DD41DBF2-2637-4BAF-AE72-8E3C5E851C61}.Debug|Any CPU.Build.0 = Debug|Any CPU
		{DD41DBF2-2637-4BAF-AE72-8E3C5E851C61}.Release|Any CPU.ActiveCfg = Release|Any CPU
		{DD41DBF2-2637-4BAF-AE72-8E3C5E851C61}.Release|Any CPU.Build.0 = Release|Any CPU
	EndGlobalSection
	GlobalSection(SolutionProperties) = preSolution
		HideSolutionNode = FALSE
	EndGlobalSection
	GlobalSection(ExtensibilityGlobals) = postSolution
		SolutionGuid = {282CA86A-F85F-4C03-BE78-FC88CC8F49F2}
	EndGlobalSection
EndGlobal
